
Microsoft Visual Studio Solution File, Format Version 12.00
# Visual Studio 15
VisualStudioVersion = 15.0.26430.16
MinimumVisualStudioVersion = 10.0.40219.1
Project("{FAE04EC0-301F-11D3-BF4B-00C04F79EFBC}") = "1. Mythical numbers", "1. Mythical numbers\1. Mythical numbers.csproj", "{36F36F2C-8CCE-4252-AC59-76B514B55DDC}"
EndProject
Project("{FAE04EC0-301F-11D3-BF4B-00C04F79EFBC}") = "4. Mixing numbers", "4. Mixing numbers\4. Mixing numbers.csproj", "{53E21ADA-1A3A-44F8-9BAE-17EE9B09C896}"
EndProject
Project("{FAE04EC0-301F-11D3-BF4B-00C04F79EFBC}") = "2. Jump, Jump", "2. Jump, Jump\2. Jump, Jump.csproj", "{BCA33A74-3EC1-4D03-B2EE-00E3C2E2DD57}"
EndProject
Global
	GlobalSection(SolutionConfigurationPlatforms) = preSolution
		Debug|Any CPU = Debug|Any CPU
		Release|Any CPU = Release|Any CPU
	EndGlobalSection
	GlobalSection(ProjectConfigurationPlatforms) = postSolution
		{36F36F2C-8CCE-4252-AC59-76B514B55DDC}.Debug|Any CPU.ActiveCfg = Debug|Any CPU
		{36F36F2C-8CCE-4252-AC59-76B514B55DDC}.Debug|Any CPU.Build.0 = Debug|Any CPU
		{36F36F2C-8CCE-4252-AC59-76B514B55DDC}.Release|Any CPU.ActiveCfg = Release|Any CPU
		{36F36F2C-8CCE-4252-AC59-76B514B55DDC}.Release|Any CPU.Build.0 = Release|Any CPU
		{53E21ADA-1A3A-44F8-9BAE-17EE9B09C896}.Debug|Any CPU.ActiveCfg = Debug|Any CPU
		{53E21ADA-1A3A-44F8-9BAE-17EE9B09C896}.Debug|Any CPU.Build.0 = Debug|Any CPU
		{53E21ADA-1A3A-44F8-9BAE-17EE9B09C896}.Release|Any CPU.ActiveCfg = Release|Any CPU
		{53E21ADA-1A3A-44F8-9BAE-17EE9B09C896}.Release|Any CPU.Build.0 = Release|Any CPU
		{BCA33A74-3EC1-4D03-B2EE-00E3C2E2DD57}.Debug|Any CPU.ActiveCfg = Debug|Any CPU
		{BCA33A74-3EC1-4D03-B2EE-00E3C2E2DD57}.Debug|Any CPU.Build.0 = Debug|Any CPU
		{BCA33A74-3EC1-4D03-B2EE-00E3C2E2DD57}.Release|Any CPU.ActiveCfg = Release|Any CPU
		{BCA33A74-3EC1-4D03-B2EE-00E3C2E2DD57}.Release|Any CPU.Build.0 = Release|Any CPU
	EndGlobalSection
	GlobalSection(SolutionProperties) = preSolution
		HideSolutionNode = FALSE
	EndGlobalSection
EndGlobal
